
Microsoft Visual Studio Solution File, Format Version 12.00
# Visual Studio Version 17
VisualStudioVersion = 17.5.002.0
MinimumVisualStudioVersion = 10.0.40219.1
Project("{9A19103F-16F7-4668-BE54-9A1E7A4F7556}") = "Xakaton", "Xakaton.csproj", "{6281C0E4-7675-4334-8D6B-F7975FAF9191}"
EndProject
Global
	GlobalSection(SolutionConfigurationPlatforms) = preSolution
		Debug|Any CPU = Debug|Any CPU
		Release|Any CPU = Release|Any CPU
	EndGlobalSection
	GlobalSection(ProjectConfigurationPlatforms) = postSolution
		{6281C0E4-7675-4334-8D6B-F7975FAF9191}.Debug|Any CPU.ActiveCfg = Debug|Any CPU
		{6281C0E4-7675-4334-8D6B-F7975FAF9191}.Debug|Any CPU.Build.0 = Debug|Any CPU
		{6281C0E4-7675-4334-8D6B-F7975FAF9191}.Release|Any CPU.ActiveCfg = Release|Any CPU
		{6281C0E4-7675-4334-8D6B-F7975FAF9191}.Release|Any CPU.Build.0 = Release|Any CPU
	EndGlobalSection
	GlobalSection(SolutionProperties) = preSolution
		HideSolutionNode = FALSE
	EndGlobalSection
	GlobalSection(ExtensibilityGlobals) = postSolution
		SolutionGuid = {2841EE98-3D35-45EB-9011-E9F1462BD2B8}
	EndGlobalSection
EndGlobal
